
Microsoft Visual Studio Solution File, Format Version 12.00
# Visual Studio 14
VisualStudioVersion = 14.0.23107.0
MinimumVisualStudioVersion = 10.0.40219.1
Project("{FAE04EC0-301F-11D3-BF4B-00C04F79EFBC}") = "PLanguage", "PLanguage\PLanguage.csproj", "{0E526348-D1A9-4C95-9C47-AC354E017E88}"
EndProject
Project("{FAE04EC0-301F-11D3-BF4B-00C04F79EFBC}") = "CreditCard", "CreditCard\CreditCard.csproj", "{FC52EBC1-44D8-42E8-8F47-DA4A5E51522B}"
EndProject
Project("{FAE04EC0-301F-11D3-BF4B-00C04F79EFBC}") = "GameConsole", "GameConsole\GameConsole.csproj", "{C1CC4EBE-0BB8-48E9-8C65-8EE4926F0838}"
EndProject
Project("{FAE04EC0-301F-11D3-BF4B-00C04F79EFBC}") = "Trash", "Trash\Trash.csproj", "{94023801-B157-4BD2-B1E3-F37109A01CD8}"
EndProject
Project("{FAE04EC0-301F-11D3-BF4B-00C04F79EFBC}") = "Set2", "Set2\Set2.csproj", "{31FE293F-0F2C-4F46-9D0B-83C2D382557E}"
EndProject
Global
	GlobalSection(SolutionConfigurationPlatforms) = preSolution
		Debug|Any CPU = Debug|Any CPU
		Debug|x64 = Debug|x64
		Debug|x86 = Debug|x86
		Release|Any CPU = Release|Any CPU
		Release|x64 = Release|x64
		Release|x86 = Release|x86
	EndGlobalSection
	GlobalSection(ProjectConfigurationPlatforms) = postSolution
		{0E526348-D1A9-4C95-9C47-AC354E017E88}.Debug|Any CPU.ActiveCfg = Debug|Any CPU
		{0E526348-D1A9-4C95-9C47-AC354E017E88}.Debug|Any CPU.Build.0 = Debug|Any CPU
		{0E526348-D1A9-4C95-9C47-AC354E017E88}.Debug|x64.ActiveCfg = Debug|Any CPU
		{0E526348-D1A9-4C95-9C47-AC354E017E88}.Debug|x64.Build.0 = Debug|Any CPU
		{0E526348-D1A9-4C95-9C47-AC354E017E88}.Debug|x86.ActiveCfg = Debug|Any CPU
		{0E526348-D1A9-4C95-9C47-AC354E017E88}.Debug|x86.Build.0 = Debug|Any CPU
		{0E526348-D1A9-4C95-9C47-AC354E017E88}.Release|Any CPU.ActiveCfg = Release|Any CPU
		{0E526348-D1A9-4C95-9C47-AC354E017E88}.Release|Any CPU.Build.0 = Release|Any CPU
		{0E526348-D1A9-4C95-9C47-AC354E017E88}.Release|x64.ActiveCfg = Release|Any CPU
		{0E526348-D1A9-4C95-9C47-AC354E017E88}.Release|x64.Build.0 = Release|Any CPU
		{0E526348-D1A9-4C95-9C47-AC354E017E88}.Release|x86.ActiveCfg = Release|Any CPU
		{0E526348-D1A9-4C95-9C47-AC354E017E88}.Release|x86.Build.0 = Release|Any CPU
		{FC52EBC1-44D8-42E8-8F47-DA4A5E51522B}.Debug|Any CPU.ActiveCfg = Debug|Any CPU
		{FC52EBC1-44D8-42E8-8F47-DA4A5E51522B}.Debug|Any CPU.Build.0 = Debug|Any CPU
		{FC52EBC1-44D8-42E8-8F47-DA4A5E51522B}.Debug|x64.ActiveCfg = Debug|Any CPU
		{FC52EBC1-44D8-42E8-8F47-DA4A5E51522B}.Debug|x64.Build.0 = Debug|Any CPU
		{FC52EBC1-44D8-42E8-8F47-DA4A5E51522B}.Debug|x86.ActiveCfg = Debug|Any CPU
		{FC52EBC1-44D8-42E8-8F47-DA4A5E51522B}.Debug|x86.Build.0 = Debug|Any CPU
		{FC52EBC1-44D8-42E8-8F47-DA4A5E51522B}.Release|Any CPU.ActiveCfg = Release|Any CPU
		{FC52EBC1-44D8-42E8-8F47-DA4A5E51522B}.Release|Any CPU.Build.0 = Release|Any CPU
		{FC52EBC1-44D8-42E8-8F47-DA4A5E51522B}.Release|x64.ActiveCfg = Release|Any CPU
		{FC52EBC1-44D8-42E8-8F47-DA4A5E51522B}.Release|x64.Build.0 = Release|Any CPU
		{FC52EBC1-44D8-42E8-8F47-DA4A5E51522B}.Release|x86.ActiveCfg = Release|Any CPU
		{FC52EBC1-44D8-42E8-8F47-DA4A5E51522B}.Release|x86.Build.0 = Release|Any CPU
		{C1CC4EBE-0BB8-48E9-8C65-8EE4926F0838}.Debug|Any CPU.ActiveCfg = Debug|Any CPU
		{C1CC4EBE-0BB8-48E9-8C65-8EE4926F0838}.Debug|Any CPU.Build.0 = Debug|Any CPU
		{C1CC4EBE-0BB8-48E9-8C65-8EE4926F0838}.Debug|x64.ActiveCfg = Debug|Any CPU
		{C1CC4EBE-0BB8-48E9-8C65-8EE4926F0838}.Debug|x64.Build.0 = Debug|Any CPU
		{C1CC4EBE-0BB8-48E9-8C65-8EE4926F0838}.Debug|x86.ActiveCfg = Debug|Any CPU
		{C1CC4EBE-0BB8-48E9-8C65-8EE4926F0838}.Debug|x86.Build.0 = Debug|Any CPU
		{C1CC4EBE-0BB8-48E9-8C65-8EE4926F0838}.Release|Any CPU.ActiveCfg = Release|Any CPU
		{C1CC4EBE-0BB8-48E9-8C65-8EE4926F0838}.Release|Any CPU.Build.0 = Release|Any CPU
		{C1CC4EBE-0BB8-48E9-8C65-8EE4926F0838}.Release|x64.ActiveCfg = Release|Any CPU
		{C1CC4EBE-0BB8-48E9-8C65-8EE4926F0838}.Release|x64.Build.0 = Release|Any CPU
		{C1CC4EBE-0BB8-48E9-8C65-8EE4926F0838}.Release|x86.ActiveCfg = Release|Any CPU
		{C1CC4EBE-0BB8-48E9-8C65-8EE4926F0838}.Release|x86.Build.0 = Release|Any CPU
		{94023801-B157-4BD2-B1E3-F37109A01CD8}.Debug|Any CPU.ActiveCfg = Debug|Any CPU
		{94023801-B157-4BD2-B1E3-F37109A01CD8}.Debug|Any CPU.Build.0 = Debug|Any CPU
		{94023801-B157-4BD2-B1E3-F37109A01CD8}.Debug|x64.ActiveCfg = Debug|Any CPU
		{94023801-B157-4BD2-B1E3-F37109A01CD8}.Debug|x64.Build.0 = Debug|Any CPU
		{94023801-B157-4BD2-B1E3-F37109A01CD8}.Debug|x86.ActiveCfg = Debug|Any CPU
		{94023801-B157-4BD2-B1E3-F37109A01CD8}.Debug|x86.Build.0 = Debug|Any CPU
		{94023801-B157-4BD2-B1E3-F37109A01CD8}.Release|Any CPU.ActiveCfg = Release|Any CPU
		{94023801-B157-4BD2-B1E3-F37109A01CD8}.Release|Any CPU.Build.0 = Release|Any CPU
		{94023801-B157-4BD2-B1E3-F37109A01CD8}.Release|x64.ActiveCfg = Release|Any CPU
		{94023801-B157-4BD2-B1E3-F37109A01CD8}.Release|x64.Build.0 = Release|Any CPU
		{94023801-B157-4BD2-B1E3-F37109A01CD8}.Release|x86.ActiveCfg = Release|Any CPU
		{94023801-B157-4BD2-B1E3-F37109A01CD8}.Release|x86.Build.0 = Release|Any CPU
		{31FE293F-0F2C-4F46-9D0B-83C2D382557E}.Debug|Any CPU.ActiveCfg = Debug|Any CPU
		{31FE293F-0F2C-4F46-9D0B-83C2D382557E}.Debug|Any CPU.Build.0 = Debug|Any CPU
		{31FE293F-0F2C-4F46-9D0B-83C2D382557E}.Debug|x64.ActiveCfg = Debug|Any CPU
		{31FE293F-0F2C-4F46-9D0B-83C2D382557E}.Debug|x64.Build.0 = Debug|Any CPU
		{31FE293F-0F2C-4F46-9D0B-83C2D382557E}.Debug|x86.ActiveCfg = Debug|Any CPU
		{31FE293F-0F2C-4F46-9D0B-83C2D382557E}.Debug|x86.Build.0 = Debug|Any CPU
		{31FE293F-0F2C-4F46-9D0B-83C2D382557E}.Release|Any CPU.ActiveCfg = Release|Any CPU
		{31FE293F-0F2C-4F46-9D0B-83C2D382557E}.Release|Any CPU.Build.0 = Release|Any CPU
		{31FE293F-0F2C-4F46-9D0B-83C2D382557E}.Release|x64.ActiveCfg = Release|Any CPU
		{31FE293F-0F2C-4F46-9D0B-83C2D382557E}.Release|x64.Build.0 = Release|Any CPU
		{31FE293F-0F2C-4F46-9D0B-83C2D382557E}.Release|x86.ActiveCfg = Release|Any CPU
		{31FE293F-0F2C-4F46-9D0B-83C2D382557E}.Release|x86.Build.0 = Release|Any CPU
	EndGlobalSection
	GlobalSection(SolutionProperties) = preSolution
		HideSolutionNode = FALSE
	EndGlobalSection
EndGlobal
